
Microsoft Visual Studio Solution File, Format Version 12.00
# Visual Studio Version 17
VisualStudioVersion = 17.5.002.0
MinimumVisualStudioVersion = 10.0.40219.1
Project("{9A19103F-16F7-4668-BE54-9A1E7A4F7556}") = "EpubBlazor", "EpubBlazor.csproj", "{906D197D-187C-4F52-B86F-349E85DAE5FA}"
EndProject
Global
	GlobalSection(SolutionConfigurationPlatforms) = preSolution
		Debug|Any CPU = Debug|Any CPU
		Release|Any CPU = Release|Any CPU
	EndGlobalSection
	GlobalSection(ProjectConfigurationPlatforms) = postSolution
		{906D197D-187C-4F52-B86F-349E85DAE5FA}.Debug|Any CPU.ActiveCfg = Debug|Any CPU
		{906D197D-187C-4F52-B86F-349E85DAE5FA}.Debug|Any CPU.Build.0 = Debug|Any CPU
		{906D197D-187C-4F52-B86F-349E85DAE5FA}.Release|Any CPU.ActiveCfg = Release|Any CPU
		{906D197D-187C-4F52-B86F-349E85DAE5FA}.Release|Any CPU.Build.0 = Release|Any CPU
	EndGlobalSection
	GlobalSection(SolutionProperties) = preSolution
		HideSolutionNode = FALSE
	EndGlobalSection
	GlobalSection(ExtensibilityGlobals) = postSolution
		SolutionGuid = {9F460964-9F14-4473-B7AA-5E6E48D293E4}
	EndGlobalSection
EndGlobal
